// !$*UTF8*$!
{
	archiveVersion = 1;
	classes = {
	};
	objectVersion = 56;
	objects = {

/* Begin PBXBuildFile section */
		704DFBD42C8712ED00EAE225 /* AppDataModel.xcdatamodeld in Sources */ = {isa = PBXBuildFile; fileRef = 704DFBD22C8712ED00EAE225 /* AppDataModel.xcdatamodeld */; };
		705F96782C7CB460003B0813 /* AppDelegate.swift in Sources */ = {isa = PBXBuildFile; fileRef = 705F96772C7CB460003B0813 /* AppDelegate.swift */; };
		705F967A2C7CB460003B0813 /* SceneDelegate.swift in Sources */ = {isa = PBXBuildFile; fileRef = 705F96792C7CB460003B0813 /* SceneDelegate.swift */; };
		705F967C2C7CB460003B0813 /* LoginViewController.swift in Sources */ = {isa = PBXBuildFile; fileRef = 705F967B2C7CB460003B0813 /* LoginViewController.swift */; };
		705F967F2C7CB460003B0813 /* Base in Resources */ = {isa = PBXBuildFile; fileRef = 705F967E2C7CB460003B0813 /* Base */; };
		705F96812C7CB462003B0813 /* Assets.xcassets in Resources */ = {isa = PBXBuildFile; fileRef = 705F96802C7CB462003B0813 /* Assets.xcassets */; };
		705F96842C7CB462003B0813 /* Base in Resources */ = {isa = PBXBuildFile; fileRef = 705F96832C7CB462003B0813 /* Base */; };
		70790A452C81969400248716 /* TextFieldExtension.swift in Sources */ = {isa = PBXBuildFile; fileRef = 70790A442C81969400248716 /* TextFieldExtension.swift */; };
		70790A472C81F20300248716 /* FavoritePostViewController.swift in Sources */ = {isa = PBXBuildFile; fileRef = 70790A462C81F20300248716 /* FavoritePostViewController.swift */; };
		70790A4A2C82F87A00248716 /* TabBarController.swift in Sources */ = {isa = PBXBuildFile; fileRef = 70790A492C82F87A00248716 /* TabBarController.swift */; };
		709C38EC2C7D999800B249F1 /* LoginModel.swift in Sources */ = {isa = PBXBuildFile; fileRef = 709C38EB2C7D999800B249F1 /* LoginModel.swift */; };
		709C38F12C7D9B7700B249F1 /* LoginViewModel.swift in Sources */ = {isa = PBXBuildFile; fileRef = 709C38F02C7D9B7700B249F1 /* LoginViewModel.swift */; };
		709C38F92C7F018400B249F1 /* PostViewController.swift in Sources */ = {isa = PBXBuildFile; fileRef = 709C38F82C7F018400B249F1 /* PostViewController.swift */; };
		709C38FB2C7F019400B249F1 /* PostViewModel.swift in Sources */ = {isa = PBXBuildFile; fileRef = 709C38FA2C7F019400B249F1 /* PostViewModel.swift */; };
		709C38FD2C7F01AA00B249F1 /* PostModel.swift in Sources */ = {isa = PBXBuildFile; fileRef = 709C38FC2C7F01AA00B249F1 /* PostModel.swift */; };
		709C39002C7F063600B249F1 /* NetworkService.swift in Sources */ = {isa = PBXBuildFile; fileRef = 709C38FF2C7F063600B249F1 /* NetworkService.swift */; };
		709C39122C7F0D6C00B249F1 /* PostEntity+CoreDataClass.swift in Sources */ = {isa = PBXBuildFile; fileRef = 709C39102C7F0D6C00B249F1 /* PostEntity+CoreDataClass.swift */; };
		709C39132C7F0D6C00B249F1 /* PostEntity+CoreDataProperties.swift in Sources */ = {isa = PBXBuildFile; fileRef = 709C39112C7F0D6C00B249F1 /* PostEntity+CoreDataProperties.swift */; };
		709C39152C7F0DAE00B249F1 /* CoreDataSetup.swift in Sources */ = {isa = PBXBuildFile; fileRef = 709C39142C7F0DAE00B249F1 /* CoreDataSetup.swift */; };
		709C39182C7F0E2600B249F1 /* PostPersistentDataService.swift in Sources */ = {isa = PBXBuildFile; fileRef = 709C39172C7F0E2600B249F1 /* PostPersistentDataService.swift */; };
		709C391C2C7F2D2100B249F1 /* PostTableViewCell.xib in Resources */ = {isa = PBXBuildFile; fileRef = 709C391B2C7F2D2100B249F1 /* PostTableViewCell.xib */; };
		709C391D2C7F2D2100B249F1 /* PostTableViewCell.swift in Sources */ = {isa = PBXBuildFile; fileRef = 709C391A2C7F2D2100B249F1 /* PostTableViewCell.swift */; };
		70B30F102C831F0100A8BB57 /* StringExtension.swift in Sources */ = {isa = PBXBuildFile; fileRef = 70B30F0F2C831F0100A8BB57 /* StringExtension.swift */; };
		70B3FCD42C85DCFA00677074 /* PostViewModelTest.swift in Sources */ = {isa = PBXBuildFile; fileRef = 70B3FCD32C85DCFA00677074 /* PostViewModelTest.swift */; };
		7D324DDCAB81E1C83073A981 /* Pods_RxSwiftDemo.framework in Frameworks */ = {isa = PBXBuildFile; fileRef = 704DFBD72C87130D00EAE225 /* Pods_RxSwiftDemo.framework */; };
/* End PBXBuildFile section */

/* Begin PBXContainerItemProxy section */
		70B3FCCE2C85DCB900677074 /* PBXContainerItemProxy */ = {
			isa = PBXContainerItemProxy;
			containerPortal = 705F966C2C7CB460003B0813 /* Project object */;
			proxyType = 1;
			remoteGlobalIDString = 705F96732C7CB460003B0813;
			remoteInfo = RxSwiftDemo;
		};
/* End PBXContainerItemProxy section */

/* Begin PBXCopyFilesBuildPhase section */
		70BDF6772C7CB69800647BA1 /* Embed Frameworks */ = {
			isa = PBXCopyFilesBuildPhase;
			buildActionMask = 2147483647;
			dstPath = "";
			dstSubfolderSpec = 10;
			files = (
			);
			name = "Embed Frameworks";
			runOnlyForDeploymentPostprocessing = 0;
		};
/* End PBXCopyFilesBuildPhase section */

/* Begin PBXFileReference section */
		21CCEB3C510FD671875E96E2 /* Pods-RxSwiftDemo.debug.xcconfig */ = {isa = PBXFileReference; includeInIndex = 1; lastKnownFileType = text.xcconfig; name = "Pods-RxSwiftDemo.debug.xcconfig"; path = "Target Support Files/Pods-RxSwiftDemo/Pods-RxSwiftDemo.debug.xcconfig"; sourceTree = "<group>"; };
		24BBC5B482E9C6C8BC06A60C /* Pods-RxSwiftDemo.release.xcconfig */ = {isa = PBXFileReference; includeInIndex = 1; lastKnownFileType = text.xcconfig; name = "Pods-RxSwiftDemo.release.xcconfig"; path = "Target Support Files/Pods-RxSwiftDemo/Pods-RxSwiftDemo.release.xcconfig"; sourceTree = "<group>"; };
		704DFBD32C8712ED00EAE225 /* AppDataModel.xcdatamodel */ = {isa = PBXFileReference; lastKnownFileType = wrapper.xcdatamodel; path = AppDataModel.xcdatamodel; sourceTree = "<group>"; };
		704DFBD52C87130D00EAE225 /* Alamofire.framework */ = {isa = PBXFileReference; explicitFileType = wrapper.framework; path = Alamofire.framework; sourceTree = BUILT_PRODUCTS_DIR; };
		704DFBD72C87130D00EAE225 /* Pods_RxSwiftDemo.framework */ = {isa = PBXFileReference; explicitFileType = wrapper.framework; path = Pods_RxSwiftDemo.framework; sourceTree = BUILT_PRODUCTS_DIR; };
		704DFBD92C87130D00EAE225 /* RxCocoa.framework */ = {isa = PBXFileReference; explicitFileType = wrapper.framework; path = RxCocoa.framework; sourceTree = BUILT_PRODUCTS_DIR; };
		704DFBDB2C87130D00EAE225 /* RxRelay.framework */ = {isa = PBXFileReference; explicitFileType = wrapper.framework; path = RxRelay.framework; sourceTree = BUILT_PRODUCTS_DIR; };
		704DFBDD2C87130D00EAE225 /* RxSwift.framework */ = {isa = PBXFileReference; explicitFileType = wrapper.framework; path = RxSwift.framework; sourceTree = BUILT_PRODUCTS_DIR; };
		705F96742C7CB460003B0813 /* RxSwiftDemo.app */ = {isa = PBXFileReference; explicitFileType = wrapper.application; includeInIndex = 0; path = RxSwiftDemo.app; sourceTree = BUILT_PRODUCTS_DIR; };
		705F96772C7CB460003B0813 /* AppDelegate.swift */ = {isa = PBXFileReference; lastKnownFileType = sourcecode.swift; path = AppDelegate.swift; sourceTree = "<group>"; };
		705F96792C7CB460003B0813 /* SceneDelegate.swift */ = {isa = PBXFileReference; lastKnownFileType = sourcecode.swift; path = SceneDelegate.swift; sourceTree = "<group>"; };
		705F967B2C7CB460003B0813 /* LoginViewController.swift */ = {isa = PBXFileReference; lastKnownFileType = sourcecode.swift; path = LoginViewController.swift; sourceTree = "<group>"; };
		705F967E2C7CB460003B0813 /* Base */ = {isa = PBXFileReference; lastKnownFileType = file.storyboard; name = Base; path = Base.lproj/Main.storyboard; sourceTree = "<group>"; };
		705F96802C7CB462003B0813 /* Assets.xcassets */ = {isa = PBXFileReference; lastKnownFileType = folder.assetcatalog; path = Assets.xcassets; sourceTree = "<group>"; };
		705F96832C7CB462003B0813 /* Base */ = {isa = PBXFileReference; lastKnownFileType = file.storyboard; name = Base; path = Base.lproj/LaunchScreen.storyboard; sourceTree = "<group>"; };
		705F96852C7CB462003B0813 /* Info.plist */ = {isa = PBXFileReference; lastKnownFileType = text.plist.xml; path = Info.plist; sourceTree = "<group>"; };
		70790A442C81969400248716 /* TextFieldExtension.swift */ = {isa = PBXFileReference; lastKnownFileType = sourcecode.swift; path = TextFieldExtension.swift; sourceTree = "<group>"; };
		70790A462C81F20300248716 /* FavoritePostViewController.swift */ = {isa = PBXFileReference; lastKnownFileType = sourcecode.swift; path = FavoritePostViewController.swift; sourceTree = "<group>"; };
		70790A492C82F87A00248716 /* TabBarController.swift */ = {isa = PBXFileReference; lastKnownFileType = sourcecode.swift; path = TabBarController.swift; sourceTree = "<group>"; };
		709C38CC2C7D891000B249F1 /* Alamofire.framework */ = {isa = PBXFileReference; explicitFileType = wrapper.framework; path = Alamofire.framework; sourceTree = BUILT_PRODUCTS_DIR; };
		709C38EB2C7D999800B249F1 /* LoginModel.swift */ = {isa = PBXFileReference; lastKnownFileType = sourcecode.swift; path = LoginModel.swift; sourceTree = "<group>"; };
		709C38F02C7D9B7700B249F1 /* LoginViewModel.swift */ = {isa = PBXFileReference; lastKnownFileType = sourcecode.swift; path = LoginViewModel.swift; sourceTree = "<group>"; };
		709C38F82C7F018400B249F1 /* PostViewController.swift */ = {isa = PBXFileReference; lastKnownFileType = sourcecode.swift; path = PostViewController.swift; sourceTree = "<group>"; };
		709C38FA2C7F019400B249F1 /* PostViewModel.swift */ = {isa = PBXFileReference; lastKnownFileType = sourcecode.swift; path = PostViewModel.swift; sourceTree = "<group>"; };
		709C38FC2C7F01AA00B249F1 /* PostModel.swift */ = {isa = PBXFileReference; lastKnownFileType = sourcecode.swift; path = PostModel.swift; sourceTree = "<group>"; };
		709C38FF2C7F063600B249F1 /* NetworkService.swift */ = {isa = PBXFileReference; lastKnownFileType = sourcecode.swift; path = NetworkService.swift; sourceTree = "<group>"; };
		709C39102C7F0D6C00B249F1 /* PostEntity+CoreDataClass.swift */ = {isa = PBXFileReference; fileEncoding = 4; lastKnownFileType = sourcecode.swift; path = "PostEntity+CoreDataClass.swift"; sourceTree = "<group>"; };
		709C39112C7F0D6C00B249F1 /* PostEntity+CoreDataProperties.swift */ = {isa = PBXFileReference; fileEncoding = 4; lastKnownFileType = sourcecode.swift; path = "PostEntity+CoreDataProperties.swift"; sourceTree = "<group>"; };
		709C39142C7F0DAE00B249F1 /* CoreDataSetup.swift */ = {isa = PBXFileReference; lastKnownFileType = sourcecode.swift; path = CoreDataSetup.swift; sourceTree = "<group>"; };
		709C39172C7F0E2600B249F1 /* PostPersistentDataService.swift */ = {isa = PBXFileReference; lastKnownFileType = sourcecode.swift; path = PostPersistentDataService.swift; sourceTree = "<group>"; };
		709C391A2C7F2D2100B249F1 /* PostTableViewCell.swift */ = {isa = PBXFileReference; lastKnownFileType = sourcecode.swift; path = PostTableViewCell.swift; sourceTree = "<group>"; };
		709C391B2C7F2D2100B249F1 /* PostTableViewCell.xib */ = {isa = PBXFileReference; lastKnownFileType = file.xib; path = PostTableViewCell.xib; sourceTree = "<group>"; };
		70B30F0F2C831F0100A8BB57 /* StringExtension.swift */ = {isa = PBXFileReference; lastKnownFileType = sourcecode.swift; path = StringExtension.swift; sourceTree = "<group>"; };
		70B3FCCA2C85DCB900677074 /* RxSwiftDemoTests.xctest */ = {isa = PBXFileReference; explicitFileType = wrapper.cfbundle; includeInIndex = 0; path = RxSwiftDemoTests.xctest; sourceTree = BUILT_PRODUCTS_DIR; };
		70B3FCD32C85DCFA00677074 /* PostViewModelTest.swift */ = {isa = PBXFileReference; lastKnownFileType = sourcecode.swift; path = PostViewModelTest.swift; sourceTree = "<group>"; };
		E4D0733A9C6ED0F7621333ED /* Pods_RxSwiftDemo.framework */ = {isa = PBXFileReference; explicitFileType = wrapper.framework; includeInIndex = 0; path = Pods_RxSwiftDemo.framework; sourceTree = BUILT_PRODUCTS_DIR; };
/* End PBXFileReference section */

/* Begin PBXFrameworksBuildPhase section */
		705F96712C7CB460003B0813 /* Frameworks */ = {
			isa = PBXFrameworksBuildPhase;
			buildActionMask = 2147483647;
			files = (
				7D324DDCAB81E1C83073A981 /* Pods_RxSwiftDemo.framework in Frameworks */,
			);
			runOnlyForDeploymentPostprocessing = 0;
		};
		70B3FCC72C85DCB900677074 /* Frameworks */ = {
			isa = PBXFrameworksBuildPhase;
			buildActionMask = 2147483647;
			files = (
			);
			runOnlyForDeploymentPostprocessing = 0;
		};
/* End PBXFrameworksBuildPhase section */

/* Begin PBXGroup section */
		705F966B2C7CB460003B0813 = {
			isa = PBXGroup;
			children = (
				705F96762C7CB460003B0813 /* RxSwiftDemo */,
				70B3FCCB2C85DCB900677074 /* RxSwiftDemoTests */,
				705F96752C7CB460003B0813 /* Products */,
				70BDF6722C7CB69800647BA1 /* Frameworks */,
				D3CCF8E46C29D57721A516B8 /* Pods */,
			);
			sourceTree = "<group>";
		};
		705F96752C7CB460003B0813 /* Products */ = {
			isa = PBXGroup;
			children = (
				705F96742C7CB460003B0813 /* RxSwiftDemo.app */,
				70B3FCCA2C85DCB900677074 /* RxSwiftDemoTests.xctest */,
			);
			name = Products;
			sourceTree = "<group>";
		};
		705F96762C7CB460003B0813 /* RxSwiftDemo */ = {
			isa = PBXGroup;
			children = (
				705F96772C7CB460003B0813 /* AppDelegate.swift */,
				705F96792C7CB460003B0813 /* SceneDelegate.swift */,
				70790A432C81967A00248716 /* Extensions */,
				70790A482C82F83100248716 /* TabBar */,
				709C39012C7F06B100B249F1 /* CoreData */,
				709C38FE2C7F062200B249F1 /* Network */,
				709C38F42C7F013600B249F1 /* PostModule */,
				709C38E72C7D994500B249F1 /* LoginModule */,
				705F967D2C7CB460003B0813 /* Main.storyboard */,
				705F96802C7CB462003B0813 /* Assets.xcassets */,
				705F96822C7CB462003B0813 /* LaunchScreen.storyboard */,
				705F96852C7CB462003B0813 /* Info.plist */,
			);
			path = RxSwiftDemo;
			sourceTree = "<group>";
		};
		70790A432C81967A00248716 /* Extensions */ = {
			isa = PBXGroup;
			children = (
				70790A442C81969400248716 /* TextFieldExtension.swift */,
				70B30F0F2C831F0100A8BB57 /* StringExtension.swift */,
			);
			path = Extensions;
			sourceTree = "<group>";
		};
		70790A482C82F83100248716 /* TabBar */ = {
			isa = PBXGroup;
			children = (
				70790A492C82F87A00248716 /* TabBarController.swift */,
			);
			path = TabBar;
			sourceTree = "<group>";
		};
		709C38E72C7D994500B249F1 /* LoginModule */ = {
			isa = PBXGroup;
			children = (
				709C38EA2C7D997700B249F1 /* ViewModel */,
				709C38E92C7D996A00B249F1 /* ViewController */,
				709C38E82C7D995400B249F1 /* Model */,
			);
			path = LoginModule;
			sourceTree = "<group>";
		};
		709C38E82C7D995400B249F1 /* Model */ = {
			isa = PBXGroup;
			children = (
				709C38EB2C7D999800B249F1 /* LoginModel.swift */,
			);
			path = Model;
			sourceTree = "<group>";
		};
		709C38E92C7D996A00B249F1 /* ViewController */ = {
			isa = PBXGroup;
			children = (
				705F967B2C7CB460003B0813 /* LoginViewController.swift */,
			);
			path = ViewController;
			sourceTree = "<group>";
		};
		709C38EA2C7D997700B249F1 /* ViewModel */ = {
			isa = PBXGroup;
			children = (
				709C38F02C7D9B7700B249F1 /* LoginViewModel.swift */,
			);
			path = ViewModel;
			sourceTree = "<group>";
		};
		709C38F42C7F013600B249F1 /* PostModule */ = {
			isa = PBXGroup;
			children = (
				709C39192C7F135000B249F1 /* View */,
				709C38F72C7F016300B249F1 /* ViewController */,
				709C38F62C7F015B00B249F1 /* ViewModel */,
				709C38F52C7F015500B249F1 /* Model */,
			);
			path = PostModule;
			sourceTree = "<group>";
		};
		709C38F52C7F015500B249F1 /* Model */ = {
			isa = PBXGroup;
			children = (
				709C38FC2C7F01AA00B249F1 /* PostModel.swift */,
			);
			path = Model;
			sourceTree = "<group>";
		};
		709C38F62C7F015B00B249F1 /* ViewModel */ = {
			isa = PBXGroup;
			children = (
				709C38FA2C7F019400B249F1 /* PostViewModel.swift */,
			);
			path = ViewModel;
			sourceTree = "<group>";
		};
		709C38F72C7F016300B249F1 /* ViewController */ = {
			isa = PBXGroup;
			children = (
				709C38F82C7F018400B249F1 /* PostViewController.swift */,
				70790A462C81F20300248716 /* FavoritePostViewController.swift */,
			);
			path = ViewController;
			sourceTree = "<group>";
		};
		709C38FE2C7F062200B249F1 /* Network */ = {
			isa = PBXGroup;
			children = (
				709C38FF2C7F063600B249F1 /* NetworkService.swift */,
			);
			path = Network;
			sourceTree = "<group>";
		};
		709C39012C7F06B100B249F1 /* CoreData */ = {
			isa = PBXGroup;
			children = (
				704DFBD22C8712ED00EAE225 /* AppDataModel.xcdatamodeld */,
				709C39142C7F0DAE00B249F1 /* CoreDataSetup.swift */,
				709C39162C7F0DC600B249F1 /* PostEntity */,
			);
			path = CoreData;
			sourceTree = "<group>";
		};
		709C39162C7F0DC600B249F1 /* PostEntity */ = {
			isa = PBXGroup;
			children = (
				709C39102C7F0D6C00B249F1 /* PostEntity+CoreDataClass.swift */,
				709C39112C7F0D6C00B249F1 /* PostEntity+CoreDataProperties.swift */,
				709C39172C7F0E2600B249F1 /* PostPersistentDataService.swift */,
			);
			path = PostEntity;
			sourceTree = "<group>";
		};
		709C39192C7F135000B249F1 /* View */ = {
			isa = PBXGroup;
			children = (
				709C391A2C7F2D2100B249F1 /* PostTableViewCell.swift */,
				709C391B2C7F2D2100B249F1 /* PostTableViewCell.xib */,
			);
			path = View;
			sourceTree = "<group>";
		};
		70B3FCCB2C85DCB900677074 /* RxSwiftDemoTests */ = {
			isa = PBXGroup;
			children = (
				70B3FCD32C85DCFA00677074 /* PostViewModelTest.swift */,
			);
			path = RxSwiftDemoTests;
			sourceTree = "<group>";
		};
		70BDF6722C7CB69800647BA1 /* Frameworks */ = {
			isa = PBXGroup;
			children = (
				704DFBD52C87130D00EAE225 /* Alamofire.framework */,
				704DFBD72C87130D00EAE225 /* Pods_RxSwiftDemo.framework */,
				704DFBD92C87130D00EAE225 /* RxCocoa.framework */,
				704DFBDB2C87130D00EAE225 /* RxRelay.framework */,
				704DFBDD2C87130D00EAE225 /* RxSwift.framework */,
				709C38CC2C7D891000B249F1 /* Alamofire.framework */,
				E4D0733A9C6ED0F7621333ED /* Pods_RxSwiftDemo.framework */,
			);
			name = Frameworks;
			sourceTree = "<group>";
		};
		D3CCF8E46C29D57721A516B8 /* Pods */ = {
			isa = PBXGroup;
			children = (
				21CCEB3C510FD671875E96E2 /* Pods-RxSwiftDemo.debug.xcconfig */,
				24BBC5B482E9C6C8BC06A60C /* Pods-RxSwiftDemo.release.xcconfig */,
			);
			path = Pods;
			sourceTree = "<group>";
		};
/* End PBXGroup section */

/* Begin PBXNativeTarget section */
		705F96732C7CB460003B0813 /* RxSwiftDemo */ = {
			isa = PBXNativeTarget;
			buildConfigurationList = 705F96882C7CB462003B0813 /* Build configuration list for PBXNativeTarget "RxSwiftDemo" */;
			buildPhases = (
				C174FD8A5ECC02C187853271 /* [CP] Check Pods Manifest.lock */,
				705F96702C7CB460003B0813 /* Sources */,
				705F96712C7CB460003B0813 /* Frameworks */,
				705F96722C7CB460003B0813 /* Resources */,
				70BDF6772C7CB69800647BA1 /* Embed Frameworks */,
				C14BFDC3F1E35B2CD2B5C9D9 /* [CP] Embed Pods Frameworks */,
			);
			buildRules = (
			);
			dependencies = (
			);
			name = RxSwiftDemo;
			productName = RxSwiftDemo;
			productReference = 705F96742C7CB460003B0813 /* RxSwiftDemo.app */;
			productType = "com.apple.product-type.application";
		};
		70B3FCC92C85DCB900677074 /* RxSwiftDemoTests */ = {
			isa = PBXNativeTarget;
			buildConfigurationList = 70B3FCD02C85DCB900677074 /* Build configuration list for PBXNativeTarget "RxSwiftDemoTests" */;
			buildPhases = (
				70B3FCC62C85DCB900677074 /* Sources */,
				70B3FCC72C85DCB900677074 /* Frameworks */,
				70B3FCC82C85DCB900677074 /* Resources */,
			);
			buildRules = (
			);
			dependencies = (
				70B3FCCF2C85DCB900677074 /* PBXTargetDependency */,
			);
			name = RxSwiftDemoTests;
			productName = RxSwiftDemoTests;
			productReference = 70B3FCCA2C85DCB900677074 /* RxSwiftDemoTests.xctest */;
			productType = "com.apple.product-type.bundle.unit-test";
		};
/* End PBXNativeTarget section */

/* Begin PBXProject section */
		705F966C2C7CB460003B0813 /* Project object */ = {
			isa = PBXProject;
			attributes = {
				BuildIndependentTargetsInParallel = 1;
				LastSwiftUpdateCheck = 1540;
				LastUpgradeCheck = 1540;
				TargetAttributes = {
					705F96732C7CB460003B0813 = {
						CreatedOnToolsVersion = 15.4;
					};
					70B3FCC92C85DCB900677074 = {
						CreatedOnToolsVersion = 15.4;
						TestTargetID = 705F96732C7CB460003B0813;
					};
				};
			};
			buildConfigurationList = 705F966F2C7CB460003B0813 /* Build configuration list for PBXProject "RxSwiftDemo" */;
			compatibilityVersion = "Xcode 14.0";
			developmentRegion = en;
			hasScannedForEncodings = 0;
			knownRegions = (
				en,
				Base,
			);
			mainGroup = 705F966B2C7CB460003B0813;
			productRefGroup = 705F96752C7CB460003B0813 /* Products */;
			projectDirPath = "";
			projectRoot = "";
			targets = (
				705F96732C7CB460003B0813 /* RxSwiftDemo */,
				70B3FCC92C85DCB900677074 /* RxSwiftDemoTests */,
			);
		};
/* End PBXProject section */

/* Begin PBXResourcesBuildPhase section */
		705F96722C7CB460003B0813 /* Resources */ = {
			isa = PBXResourcesBuildPhase;
			buildActionMask = 2147483647;
			files = (
				705F96812C7CB462003B0813 /* Assets.xcassets in Resources */,
				705F96842C7CB462003B0813 /* Base in Resources */,
				705F967F2C7CB460003B0813 /* Base in Resources */,
				709C391C2C7F2D2100B249F1 /* PostTableViewCell.xib in Resources */,
			);
			runOnlyForDeploymentPostprocessing = 0;
		};
		70B3FCC82C85DCB900677074 /* Resources */ = {
			isa = PBXResourcesBuildPhase;
			buildActionMask = 2147483647;
			files = (
			);
			runOnlyForDeploymentPostprocessing = 0;
		};
/* End PBXResourcesBuildPhase section */

/* Begin PBXShellScriptBuildPhase section */
		C14BFDC3F1E35B2CD2B5C9D9 /* [CP] Embed Pods Frameworks */ = {
			isa = PBXShellScriptBuildPhase;
			buildActionMask = 2147483647;
			files = (
			);
			inputFileListPaths = (
				"${PODS_ROOT}/Target Support Files/Pods-RxSwiftDemo/Pods-RxSwiftDemo-frameworks-${CONFIGURATION}-input-files.xcfilelist",
			);
			name = "[CP] Embed Pods Frameworks";
			outputFileListPaths = (
				"${PODS_ROOT}/Target Support Files/Pods-RxSwiftDemo/Pods-RxSwiftDemo-frameworks-${CONFIGURATION}-output-files.xcfilelist",
			);
			runOnlyForDeploymentPostprocessing = 0;
			shellPath = /bin/sh;
			shellScript = "\"${PODS_ROOT}/Target Support Files/Pods-RxSwiftDemo/Pods-RxSwiftDemo-frameworks.sh\"\n";
			showEnvVarsInLog = 0;
		};
		C174FD8A5ECC02C187853271 /* [CP] Check Pods Manifest.lock */ = {
			isa = PBXShellScriptBuildPhase;
			buildActionMask = 2147483647;
			files = (
			);
			inputFileListPaths = (
			);
			inputPaths = (
				"${PODS_PODFILE_DIR_PATH}/Podfile.lock",
				"${PODS_ROOT}/Manifest.lock",
			);
			name = "[CP] Check Pods Manifest.lock";
			outputFileListPaths = (
			);
			outputPaths = (
				"$(DERIVED_FILE_DIR)/Pods-RxSwiftDemo-checkManifestLockResult.txt",
			);
			runOnlyForDeploymentPostprocessing = 0;
			shellPath = /bin/sh;
			shellScript = "diff \"${PODS_PODFILE_DIR_PATH}/Podfile.lock\" \"${PODS_ROOT}/Manifest.lock\" > /dev/null\nif [ $? != 0 ] ; then\n    # print error to STDERR\n    echo \"error: The sandbox is not in sync with the Podfile.lock. Run 'pod install' or update your CocoaPods installation.\" >&2\n    exit 1\nfi\n# This output is used by Xcode 'outputs' to avoid re-running this script phase.\necho \"SUCCESS\" > \"${SCRIPT_OUTPUT_FILE_0}\"\n";
			showEnvVarsInLog = 0;
		};
/* End PBXShellScriptBuildPhase section */

/* Begin PBXSourcesBuildPhase section */
		705F96702C7CB460003B0813 /* Sources */ = {
			isa = PBXSourcesBuildPhase;
			buildActionMask = 2147483647;
			files = (
				709C39182C7F0E2600B249F1 /* PostPersistentDataService.swift in Sources */,
				709C38F92C7F018400B249F1 /* PostViewController.swift in Sources */,
				709C391D2C7F2D2100B249F1 /* PostTableViewCell.swift in Sources */,
				70790A4A2C82F87A00248716 /* TabBarController.swift in Sources */,
				709C38FD2C7F01AA00B249F1 /* PostModel.swift in Sources */,
				704DFBD42C8712ED00EAE225 /* AppDataModel.xcdatamodeld in Sources */,
				709C38FB2C7F019400B249F1 /* PostViewModel.swift in Sources */,
				705F967C2C7CB460003B0813 /* LoginViewController.swift in Sources */,
				709C39122C7F0D6C00B249F1 /* PostEntity+CoreDataClass.swift in Sources */,
				70790A472C81F20300248716 /* FavoritePostViewController.swift in Sources */,
				709C39002C7F063600B249F1 /* NetworkService.swift in Sources */,
				70790A452C81969400248716 /* TextFieldExtension.swift in Sources */,
				709C38EC2C7D999800B249F1 /* LoginModel.swift in Sources */,
				709C39132C7F0D6C00B249F1 /* PostEntity+CoreDataProperties.swift in Sources */,
				709C38F12C7D9B7700B249F1 /* LoginViewModel.swift in Sources */,
				705F96782C7CB460003B0813 /* AppDelegate.swift in Sources */,
				70B30F102C831F0100A8BB57 /* StringExtension.swift in Sources */,
				709C39152C7F0DAE00B249F1 /* CoreDataSetup.swift in Sources */,
				705F967A2C7CB460003B0813 /* SceneDelegate.swift in Sources */,
			);
			runOnlyForDeploymentPostprocessing = 0;
		};
		70B3FCC62C85DCB900677074 /* Sources */ = {
			isa = PBXSourcesBuildPhase;
			buildActionMask = 2147483647;
			files = (
				70B3FCD42C85DCFA00677074 /* PostViewModelTest.swift in Sources */,
			);
			runOnlyForDeploymentPostprocessing = 0;
		};
/* End PBXSourcesBuildPhase section */

/* Begin PBXTargetDependency section */
		70B3FCCF2C85DCB900677074 /* PBXTargetDependency */ = {
			isa = PBXTargetDependency;
			target = 705F96732C7CB460003B0813 /* RxSwiftDemo */;
			targetProxy = 70B3FCCE2C85DCB900677074 /* PBXContainerItemProxy */;
		};
/* End PBXTargetDependency section */

/* Begin PBXVariantGroup section */
		705F967D2C7CB460003B0813 /* Main.storyboard */ = {
			isa = PBXVariantGroup;
			children = (
				705F967E2C7CB460003B0813 /* Base */,
			);
			name = Main.storyboard;
			sourceTree = "<group>";
		};
		705F96822C7CB462003B0813 /* LaunchScreen.storyboard */ = {
			isa = PBXVariantGroup;
			children = (
				705F96832C7CB462003B0813 /* Base */,
			);
			name = LaunchScreen.storyboard;
			sourceTree = "<group>";
		};
/* End PBXVariantGroup section */

/* Begin XCBuildConfiguration section */
		705F96862C7CB462003B0813 /* Debug */ = {
			isa = XCBuildConfiguration;
			buildSettings = {
				ALWAYS_SEARCH_USER_PATHS = NO;
				ASSETCATALOG_COMPILER_GENERATE_SWIFT_ASSET_SYMBOL_EXTENSIONS = YES;
				CLANG_ANALYZER_NONNULL = YES;
				CLANG_ANALYZER_NUMBER_OBJECT_CONVERSION = YES_AGGRESSIVE;
				CLANG_CXX_LANGUAGE_STANDARD = "gnu++20";
				CLANG_ENABLE_MODULES = YES;
				CLANG_ENABLE_OBJC_ARC = YES;
				CLANG_ENABLE_OBJC_WEAK = YES;
				CLANG_WARN_BLOCK_CAPTURE_AUTORELEASING = YES;
				CLANG_WARN_BOOL_CONVERSION = YES;
				CLANG_WARN_COMMA = YES;
				CLANG_WARN_CONSTANT_CONVERSION = YES;
				CLANG_WARN_DEPRECATED_OBJC_IMPLEMENTATIONS = YES;
				CLANG_WARN_DIRECT_OBJC_ISA_USAGE = YES_ERROR;
				CLANG_WARN_DOCUMENTATION_COMMENTS = YES;
				CLANG_WARN_EMPTY_BODY = YES;
				CLANG_WARN_ENUM_CONVERSION = YES;
				CLANG_WARN_INFINITE_RECURSION = YES;
				CLANG_WARN_INT_CONVERSION = YES;
				CLANG_WARN_NON_LITERAL_NULL_CONVERSION = YES;
				CLANG_WARN_OBJC_IMPLICIT_RETAIN_SELF = YES;
				CLANG_WARN_OBJC_LITERAL_CONVERSION = YES;
				CLANG_WARN_OBJC_ROOT_CLASS = YES_ERROR;
				CLANG_WARN_QUOTED_INCLUDE_IN_FRAMEWORK_HEADER = YES;
				CLANG_WARN_RANGE_LOOP_ANALYSIS = YES;
				CLANG_WARN_STRICT_PROTOTYPES = YES;
				CLANG_WARN_SUSPICIOUS_MOVE = YES;
				CLANG_WARN_UNGUARDED_AVAILABILITY = YES_AGGRESSIVE;
				CLANG_WARN_UNREACHABLE_CODE = YES;
				CLANG_WARN__DUPLICATE_METHOD_MATCH = YES;
				COPY_PHASE_STRIP = NO;
				DEBUG_INFORMATION_FORMAT = dwarf;
				ENABLE_STRICT_OBJC_MSGSEND = YES;
				ENABLE_TESTABILITY = YES;
				ENABLE_USER_SCRIPT_SANDBOXING = YES;
				GCC_C_LANGUAGE_STANDARD = gnu17;
				GCC_DYNAMIC_NO_PIC = NO;
				GCC_NO_COMMON_BLOCKS = YES;
				GCC_OPTIMIZATION_LEVEL = 0;
				GCC_PREPROCESSOR_DEFINITIONS = (
					"DEBUG=1",
					"$(inherited)",
				);
				GCC_WARN_64_TO_32_BIT_CONVERSION = YES;
				GCC_WARN_ABOUT_RETURN_TYPE = YES_ERROR;
				GCC_WARN_UNDECLARED_SELECTOR = YES;
				GCC_WARN_UNINITIALIZED_AUTOS = YES_AGGRESSIVE;
				GCC_WARN_UNUSED_FUNCTION = YES;
				GCC_WARN_UNUSED_VARIABLE = YES;
				IPHONEOS_DEPLOYMENT_TARGET = 17.5;
				LOCALIZATION_PREFERS_STRING_CATALOGS = YES;
				MTL_ENABLE_DEBUG_INFO = INCLUDE_SOURCE;
				MTL_FAST_MATH = YES;
				ONLY_ACTIVE_ARCH = YES;
				SDKROOT = iphoneos;
				SWIFT_ACTIVE_COMPILATION_CONDITIONS = "DEBUG $(inherited)";
				SWIFT_OPTIMIZATION_LEVEL = "-Onone";
			};
			name = Debug;
		};
		705F96872C7CB462003B0813 /* Release */ = {
			isa = XCBuildConfiguration;
			buildSettings = {
				ALWAYS_SEARCH_USER_PATHS = NO;
				ASSETCATALOG_COMPILER_GENERATE_SWIFT_ASSET_SYMBOL_EXTENSIONS = YES;
				CLANG_ANALYZER_NONNULL = YES;
				CLANG_ANALYZER_NUMBER_OBJECT_CONVERSION = YES_AGGRESSIVE;
				CLANG_CXX_LANGUAGE_STANDARD = "gnu++20";
				CLANG_ENABLE_MODULES = YES;
				CLANG_ENABLE_OBJC_ARC = YES;
				CLANG_ENABLE_OBJC_WEAK = YES;
				CLANG_WARN_BLOCK_CAPTURE_AUTORELEASING = YES;
				CLANG_WARN_BOOL_CONVERSION = YES;
				CLANG_WARN_COMMA = YES;
				CLANG_WARN_CONSTANT_CONVERSION = YES;
				CLANG_WARN_DEPRECATED_OBJC_IMPLEMENTATIONS = YES;
				CLANG_WARN_DIRECT_OBJC_ISA_USAGE = YES_ERROR;
				CLANG_WARN_DOCUMENTATION_COMMENTS = YES;
				CLANG_WARN_EMPTY_BODY = YES;
				CLANG_WARN_ENUM_CONVERSION = YES;
				CLANG_WARN_INFINITE_RECURSION = YES;
				CLANG_WARN_INT_CONVERSION = YES;
				CLANG_WARN_NON_LITERAL_NULL_CONVERSION = YES;
				CLANG_WARN_OBJC_IMPLICIT_RETAIN_SELF = YES;
				CLANG_WARN_OBJC_LITERAL_CONVERSION = YES;
				CLANG_WARN_OBJC_ROOT_CLASS = YES_ERROR;
				CLANG_WARN_QUOTED_INCLUDE_IN_FRAMEWORK_HEADER = YES;
				CLANG_WARN_RANGE_LOOP_ANALYSIS = YES;
				CLANG_WARN_STRICT_PROTOTYPES = YES;
				CLANG_WARN_SUSPICIOUS_MOVE = YES;
				CLANG_WARN_UNGUARDED_AVAILABILITY = YES_AGGRESSIVE;
				CLANG_WARN_UNREACHABLE_CODE = YES;
				CLANG_WARN__DUPLICATE_METHOD_MATCH = YES;
				COPY_PHASE_STRIP = NO;
				DEBUG_INFORMATION_FORMAT = "dwarf-with-dsym";
				ENABLE_NS_ASSERTIONS = NO;
				ENABLE_STRICT_OBJC_MSGSEND = YES;
				ENABLE_USER_SCRIPT_SANDBOXING = YES;
				GCC_C_LANGUAGE_STANDARD = gnu17;
				GCC_NO_COMMON_BLOCKS = YES;
				GCC_WARN_64_TO_32_BIT_CONVERSION = YES;
				GCC_WARN_ABOUT_RETURN_TYPE = YES_ERROR;
				GCC_WARN_UNDECLARED_SELECTOR = YES;
				GCC_WARN_UNINITIALIZED_AUTOS = YES_AGGRESSIVE;
				GCC_WARN_UNUSED_FUNCTION = YES;
				GCC_WARN_UNUSED_VARIABLE = YES;
				IPHONEOS_DEPLOYMENT_TARGET = 17.5;
				LOCALIZATION_PREFERS_STRING_CATALOGS = YES;
				MTL_ENABLE_DEBUG_INFO = NO;
				MTL_FAST_MATH = YES;
				SDKROOT = iphoneos;
				SWIFT_COMPILATION_MODE = wholemodule;
				VALIDATE_PRODUCT = YES;
			};
			name = Release;
		};
		705F96892C7CB462003B0813 /* Debug */ = {
			isa = XCBuildConfiguration;
			baseConfigurationReference = 21CCEB3C510FD671875E96E2 /* Pods-RxSwiftDemo.debug.xcconfig */;
			buildSettings = {
				ASSETCATALOG_COMPILER_APPICON_NAME = AppIcon;
				ASSETCATALOG_COMPILER_GLOBAL_ACCENT_COLOR_NAME = AccentColor;
				CODE_SIGN_IDENTITY = "iPhone Developer";
				CODE_SIGN_STYLE = Automatic;
				CURRENT_PROJECT_VERSION = 1;
				DEVELOPMENT_TEAM = BKHRAHD67Y;
				ENABLE_USER_SCRIPT_SANDBOXING = NO;
				GENERATE_INFOPLIST_FILE = YES;
				INFOPLIST_FILE = RxSwiftDemo/Info.plist;
				INFOPLIST_KEY_UIApplicationSupportsIndirectInputEvents = YES;
				INFOPLIST_KEY_UILaunchStoryboardName = LaunchScreen;
				INFOPLIST_KEY_UIMainStoryboardFile = Main;
				INFOPLIST_KEY_UISupportedInterfaceOrientations_iPad = "UIInterfaceOrientationPortrait UIInterfaceOrientationPortraitUpsideDown UIInterfaceOrientationLandscapeLeft UIInterfaceOrientationLandscapeRight";
				INFOPLIST_KEY_UISupportedInterfaceOrientations_iPhone = "UIInterfaceOrientationPortrait UIInterfaceOrientationLandscapeLeft UIInterfaceOrientationLandscapeRight";
				IPHONEOS_DEPLOYMENT_TARGET = 15.0;
				LD_RUNPATH_SEARCH_PATHS = (
					"$(inherited)",
					"@executable_path/Frameworks",
				);
				MARKETING_VERSION = 1.0;
				PRODUCT_BUNDLE_IDENTIFIER = test.RxSwiftDemo;
				PRODUCT_NAME = "$(TARGET_NAME)";
				PROVISIONING_PROFILE_SPECIFIER = "";
				SWIFT_EMIT_LOC_STRINGS = YES;
				SWIFT_VERSION = 5.0;
				TARGETED_DEVICE_FAMILY = "1,2";
			};
			name = Debug;
		};
		705F968A2C7CB462003B0813 /* Release */ = {
			isa = XCBuildConfiguration;
			baseConfigurationReference = 24BBC5B482E9C6C8BC06A60C /* Pods-RxSwiftDemo.release.xcconfig */;
			buildSettings = {
				ASSETCATALOG_COMPILER_APPICON_NAME = AppIcon;
				ASSETCATALOG_COMPILER_GLOBAL_ACCENT_COLOR_NAME = AccentColor;
				CODE_SIGN_IDENTITY = "iPhone Developer";
				CODE_SIGN_STYLE = Automatic;
				CURRENT_PROJECT_VERSION = 1;
				DEVELOPMENT_TEAM = BKHRAHD67Y;
				ENABLE_USER_SCRIPT_SANDBOXING = NO;
				GENERATE_INFOPLIST_FILE = YES;
				INFOPLIST_FILE = RxSwiftDemo/Info.plist;
				INFOPLIST_KEY_UIApplicationSupportsIndirectInputEvents = YES;
				INFOPLIST_KEY_UILaunchStoryboardName = LaunchScreen;
				INFOPLIST_KEY_UIMainStoryboardFile = Main;
				INFOPLIST_KEY_UISupportedInterfaceOrientations_iPad = "UIInterfaceOrientationPortrait UIInterfaceOrientationPortraitUpsideDown UIInterfaceOrientationLandscapeLeft UIInterfaceOrientationLandscapeRight";
				INFOPLIST_KEY_UISupportedInterfaceOrientations_iPhone = "UIInterfaceOrientationPortrait UIInterfaceOrientationLandscapeLeft UIInterfaceOrientationLandscapeRight";
				IPHONEOS_DEPLOYMENT_TARGET = 15.0;
				LD_RUNPATH_SEARCH_PATHS = (
					"$(inherited)",
					"@executable_path/Frameworks",
				);
				MARKETING_VERSION = 1.0;
				PRODUCT_BUNDLE_IDENTIFIER = test.RxSwiftDemo;
				PRODUCT_NAME = "$(TARGET_NAME)";
				PROVISIONING_PROFILE_SPECIFIER = "";
				SWIFT_EMIT_LOC_STRINGS = YES;
				SWIFT_VERSION = 5.0;
				TARGETED_DEVICE_FAMILY = "1,2";
			};
			name = Release;
		};
		70B3FCD12C85DCB900677074 /* Debug */ = {
			isa = XCBuildConfiguration;
			buildSettings = {
				BUNDLE_LOADER = "$(TEST_HOST)";
				CODE_SIGN_STYLE = Automatic;
				CURRENT_PROJECT_VERSION = 1;
				GENERATE_INFOPLIST_FILE = YES;
				IPHONEOS_DEPLOYMENT_TARGET = 15.0;
				MARKETING_VERSION = 1.0;
				PRODUCT_BUNDLE_IDENTIFIER = test.RxSwiftDemoTests;
				PRODUCT_NAME = "$(TARGET_NAME)";
				SWIFT_EMIT_LOC_STRINGS = NO;
				SWIFT_VERSION = 5.0;
				TARGETED_DEVICE_FAMILY = "1,2";
				TEST_HOST = "$(BUILT_PRODUCTS_DIR)/RxSwiftDemo.app/$(BUNDLE_EXECUTABLE_FOLDER_PATH)/RxSwiftDemo";
			};
			name = Debug;
		};
		70B3FCD22C85DCB900677074 /* Release */ = {
			isa = XCBuildConfiguration;
			buildSettings = {
				BUNDLE_LOADER = "$(TEST_HOST)";
				CODE_SIGN_STYLE = Automatic;
				CURRENT_PROJECT_VERSION = 1;
				GENERATE_INFOPLIST_FILE = YES;
				IPHONEOS_DEPLOYMENT_TARGET = 15.0;
				MARKETING_VERSION = 1.0;
				PRODUCT_BUNDLE_IDENTIFIER = test.RxSwiftDemoTests;
				PRODUCT_NAME = "$(TARGET_NAME)";
				SWIFT_EMIT_LOC_STRINGS = NO;
				SWIFT_VERSION = 5.0;
				TARGETED_DEVICE_FAMILY = "1,2";
				TEST_HOST = "$(BUILT_PRODUCTS_DIR)/RxSwiftDemo.app/$(BUNDLE_EXECUTABLE_FOLDER_PATH)/RxSwiftDemo";
			};
			name = Release;
		};
/* End XCBuildConfiguration section */

/* Begin XCConfigurationList section */
		705F966F2C7CB460003B0813 /* Build configuration list for PBXProject "RxSwiftDemo" */ = {
			isa = XCConfigurationList;
			buildConfigurations = (
				705F96862C7CB462003B0813 /* Debug */,
				705F96872C7CB462003B0813 /* Release */,
			);
			defaultConfigurationIsVisible = 0;
			defaultConfigurationName = Release;
		};
		705F96882C7CB462003B0813 /* Build configuration list for PBXNativeTarget "RxSwiftDemo" */ = {
			isa = XCConfigurationList;
			buildConfigurations = (
				705F96892C7CB462003B0813 /* Debug */,
				705F968A2C7CB462003B0813 /* Release */,
			);
			defaultConfigurationIsVisible = 0;
			defaultConfigurationName = Release;
		};
		70B3FCD02C85DCB900677074 /* Build configuration list for PBXNativeTarget "RxSwiftDemoTests" */ = {
			isa = XCConfigurationList;
			buildConfigurations = (
				70B3FCD12C85DCB900677074 /* Debug */,
				70B3FCD22C85DCB900677074 /* Release */,
			);
			defaultConfigurationIsVisible = 0;
			defaultConfigurationName = Release;
		};
/* End XCConfigurationList section */

/* Begin XCVersionGroup section */
		704DFBD22C8712ED00EAE225 /* AppDataModel.xcdatamodeld */ = {
			isa = XCVersionGroup;
			children = (
				704DFBD32C8712ED00EAE225 /* AppDataModel.xcdatamodel */,
			);
			currentVersion = 704DFBD32C8712ED00EAE225 /* AppDataModel.xcdatamodel */;
			path = AppDataModel.xcdatamodeld;
			sourceTree = "<group>";
			versionGroupType = wrapper.xcdatamodel;
		};
/* End XCVersionGroup section */
	};
	rootObject = 705F966C2C7CB460003B0813 /* Project object */;
}
